PODS:
  - MBProgressHUD (0.8)
  - Shimmer (1.0.1)
  - TTTAttributedLabel (1.10.1)

DEPENDENCIES:
  - MBProgressHUD (~> 0.8)
  - Shimmer (~> 1.0.1)
  - TTTAttributedLabel

SPEC CHECKSUMS:
  MBProgressHUD: c356980b0cd097f19acec959b49dca5eb8ec31be
  Shimmer: 35aa2a57b8fbc17f9e16706021665966fd93dbd1
  TTTAttributedLabel: 94bb04f1e005616002dd2cee0262a0082e533627

COCOAPODS: 0.33.1
